#MicroXplorer Configuration settings - do not modify
Mcu.Family=STM32F1
ProjectManager.MainLocation=Core/Src
RCC.MCOFreq_Value=8000000
ProjectManager.KeepUserCode=true
Mcu.UserName=STM32F103C8Tx
VP_TIM3_VS_OPM.Mode=OPM_bit
VP_TIM4_VS_OPM.Mode=OPM_bit
RCC.PLLCLKFreq_Value=16000000
PA12.GPIOParameters=GPIO_Speed,GPIO_Mode
ProjectManager.functionlistsort=1-MX_GPIO_Init-GPIO-false-HAL-true,2-SystemClock_Config-RCC-false-HAL-false,3-MX_RTC_Init-RTC-false-HAL-true,4-MX_CAN_Init-CAN-false-HAL-true,5-MX_TIM2_Init-TIM2-false-HAL-true,6-MX_USART1_UART_Init-USART1-false-HAL-true,7-MX_TIM3_Init-TIM3-false-HAL-true,8-MX_TIM4_Init-TIM4-false-HAL-true
PA2.GPIO_Speed=GPIO_SPEED_FREQ_HIGH
PA11.GPIOParameters=GPIO_PuPd
VP_RTC_VS_RTC_Activate.Mode=RTC_Enabled
PA11.Mode=CAN_Activate
RCC.ADCFreqValue=8000000
PB0.GPIO_Label=CAN_ID_1
PB6.GPIO_Label=CAN_ID_64
NVIC.TIM1_UP_IRQn=true\:0\:0\:false\:false\:true\:false\:true
PA11.GPIO_PuPd=GPIO_PULLDOWN
TIM2.Channel-PWM\ Generation2\ CH2=TIM_CHANNEL_2
USART1.IPParameters=VirtualMode
PA2.GPIOParameters=GPIO_Speed
PinOutPanel.RotationAngle=0
RCC.SYSCLKSource=RCC_SYSCLKSOURCE_PLLCLK
ProjectManager.StackSize=0x400
PB5.GPIOParameters=GPIO_PuPd,GPIO_Label
PD1-OSC_OUT.Signal=RCC_OSC_OUT
Mcu.IP4=SYS
RCC.FCLKCortexFreq_Value=16000000
Mcu.IP5=TIM2
NVIC.SVCall_IRQn=true\:0\:0\:false\:false\:true\:false\:false
Mcu.IP2=RCC
Mcu.IP3=RTC
PB4.GPIOParameters=GPIO_PuPd,GPIO_Label
Mcu.IP0=CAN
Mcu.IP1=NVIC
PA12.Signal=CAN_TX
Mcu.UserConstants=
Mcu.ThirdPartyNb=0
PB1.GPIO_PuPd=GPIO_PULLDOWN
RCC.HCLKFreq_Value=16000000
Mcu.IPNb=9
TIM2.IPParameters=Channel-PWM Generation3 CH3,Period,Channel-PWM Generation1 CH1,Channel-PWM Generation2 CH2
ProjectManager.PreviousToolchain=
RCC.APB2TimFreq_Value=16000000
TIM3.Period=4095
PB6.Signal=GPIO_Input
Mcu.Pin6=PB1
VP_TIM2_VS_ClockSourceINT.Signal=TIM2_VS_ClockSourceINT
Mcu.Pin7=PB2
Mcu.Pin8=PA9
Mcu.Pin9=PA10
RCC.AHBFreq_Value=16000000
Mcu.Pin0=PD0-OSC_IN
Mcu.Pin1=PD1-OSC_OUT
GPIO.groupedBy=Show All
Mcu.Pin2=PA0-WKUP
Mcu.Pin3=PA1
Mcu.Pin4=PA2
Mcu.Pin5=PB0
ProjectManager.ProjectBuild=false
NVIC.UsageFault_IRQn=true\:0\:0\:false\:false\:true\:false\:false
NVIC.DebugMonitor_IRQn=true\:0\:0\:false\:false\:true\:false\:false
PB2.Signal=GPIO_Input
NVIC.SysTick_IRQn=true\:0\:0\:false\:false\:true\:false\:true
ProjectManager.FirmwarePackage=STM32Cube FW_F1 V1.8.3
MxDb.Version=DB.6.0.10
PB0.GPIOParameters=GPIO_PuPd,GPIO_Label
PB3.GPIO_PuPd=GPIO_PULLDOWN
ProjectManager.BackupPrevious=false
VP_SYS_VS_tim1.Mode=TIM1
PB1.GPIO_Label=CAN_ID_2
File.Version=6
PB3.GPIOParameters=GPIO_PuPd,GPIO_Label
PB7.Signal=GPIO_Input
TIM2.Channel-PWM\ Generation1\ CH1=TIM_CHANNEL_1
PB6.Locked=true
NVIC.PendSV_IRQn=true\:0\:0\:false\:false\:true\:false\:false
TIM4.Period=4095
PB6.GPIOParameters=GPIO_PuPd,GPIO_Label
CAN.CalculateTimeQuantum=2000.0
ProjectManager.HalAssertFull=false
PB2.GPIO_PuPd=GPIO_PULLDOWN
PB0.Locked=true
ProjectManager.ProjectName=STM32 Microcontroller
RCC.PLLMCOFreq_Value=8000000
PB7.GPIO_Label=CAN_ID_128
Mcu.Package=LQFP48
PB1.Signal=GPIO_Input
NVIC.TimeBase=TIM1_UP_IRQn
ProjectManager.ToolChainLocation=
NVIC.TimeBaseIP=TIM1
PA10.Signal=USART1_RX
VP_TIM3_VS_OPM.Signal=TIM3_VS_OPM
PB5.GPIO_Label=CAN_ID_32
RCC.APB1TimFreq_Value=16000000
NVIC.BusFault_IRQn=true\:0\:0\:false\:false\:true\:false\:false
ProjectManager.CustomerFirmwarePackage=
PA12.GPIO_Speed=GPIO_SPEED_FREQ_HIGH
VP_TIM4_VS_OPM.Signal=TIM4_VS_OPM
PB3.Locked=true
PB4.Signal=GPIO_Input
PB3.GPIO_Label=CAN_ID_8
VP_RTC_VS_RTC_Activate.Signal=RTC_VS_RTC_Activate
PB7.GPIO_PuPd=GPIO_PULLDOWN
RCC.PLLSourceVirtual=RCC_PLLSOURCE_HSE
ProjectManager.ProjectFileName=STM32 Microcontroller.ioc
PD1-OSC_OUT.Mode=HSE-External-Oscillator
PA10.Mode=Asynchronous
Mcu.PinsNb=25
ProjectManager.NoMain=false
CAN.CalculateBaudRate=166666
PB6.GPIO_PuPd=GPIO_PULLDOWN
ProjectManager.DefaultFWLocation=true
PD0-OSC_IN.Signal=RCC_OSC_IN
ProjectManager.DeletePrevious=true
RCC.APB1CLKDivider=RCC_HCLK_DIV2
VP_SYS_VS_ND.Mode=No_Debug
CAN.CalculateTimeBit=6000.00
SH.S_TIM2_CH1_ETR.ConfNb=1
RCC.FamilyName=M
PA0-WKUP.Signal=S_TIM2_CH1_ETR
PA0-WKUP.Locked=true
PA13.Signal=SYS_JTMS-SWDIO
SH.S_TIM2_CH2.0=TIM2_CH2,PWM Generation2 CH2
PA9.Mode=Asynchronous
VP_TIM4_VS_ClockSourceINT.Signal=TIM4_VS_ClockSourceINT
ProjectManager.TargetToolchain=Makefile
TIM4.IPParameters=Period
PB7.GPIOParameters=GPIO_PuPd,GPIO_Label
PA9.Signal=USART1_TX
PB2.GPIOParameters=GPIO_PuPd,GPIO_Label
SH.S_TIM2_CH2.ConfNb=1
PB5.Locked=true
PB4.GPIO_PuPd=GPIO_PULLDOWN
ProjectManager.RegisterCallBack=
RCC.USBFreq_Value=16000000
PA1.Signal=S_TIM2_CH2
PB1.Locked=true
PD0-OSC_IN.Mode=HSE-External-Oscillator
board=custom
ProjectManager.LastFirmware=true
RCC.VCOOutput2Freq_Value=8000000
PA12.GPIO_Mode=GPIO_MODE_AF_PP
RCC.APB2Freq_Value=16000000
MxCube.Version=6.1.2
PB4.GPIO_Label=CAN_ID_16
VP_TIM2_VS_ClockSourceINT.Mode=Internal
SH.S_TIM2_CH3.0=TIM2_CH3,PWM Generation3 CH3
VP_SYS_VS_tim1.Signal=SYS_VS_tim1
VP_SYS_VS_ND.Signal=SYS_VS_ND
TIM2.Channel-PWM\ Generation3\ CH3=TIM_CHANNEL_3
TIM3.IPParameters=Period
RCC.RCC_MCOSource=RCC_MCO1SOURCE_PLLCLK
NVIC.NonMaskableInt_IRQn=true\:0\:0\:false\:false\:true\:false\:false
SH.S_TIM2_CH3.ConfNb=1
CAN.IPParameters=CalculateTimeQuantum,CalculateTimeBit,CalculateBaudRate
TIM2.Period=4095
ProjectManager.FreePins=false
RCC.IPParameters=ADCFreqValue,AHBFreq_Value,APB1CLKDivider,APB1Freq_Value,APB1TimFreq_Value,APB2Freq_Value,APB2TimFreq_Value,FCLKCortexFreq_Value,FamilyName,HCLKFreq_Value,MCOFreq_Value,PLLCLKFreq_Value,PLLMCOFreq_Value,PLLSourceVirtual,RCC_MCOSource,SYSCLKFreq_VALUE,SYSCLKSource,TimSysFreq_Value,USBFreq_Value,VCOOutput2Freq_Value
ProjectManager.AskForMigrate=true
Mcu.Name=STM32F103C(8-B)Tx
Mcu.Pin24=VP_TIM4_VS_OPM
PA2.Signal=S_TIM2_CH3
ProjectManager.UnderRoot=false
PB2.Locked=true
Mcu.IP8=USART1
Mcu.IP6=TIM3
Mcu.IP7=TIM4
ProjectManager.CoupleFile=true
PB4.Locked=true
PB3.Signal=GPIO_Input
RCC.SYSCLKFreq_VALUE=16000000
PB5.Signal=GPIO_Input
Mcu.Pin22=VP_TIM3_VS_OPM
Mcu.Pin23=VP_TIM4_VS_ClockSourceINT
RCC.TimSysFreq_Value=16000000
PA1.Locked=true
Mcu.Pin20=VP_SYS_VS_tim1
Mcu.Pin21=VP_TIM2_VS_ClockSourceINT
PA12.Mode=CAN_Activate
NVIC.ForceEnableDMAVector=true
KeepUserPlacement=false
PB5.GPIO_PuPd=GPIO_PULLDOWN
NVIC.MemoryManagement_IRQn=true\:0\:0\:false\:false\:true\:false\:false
PA13.Locked=true
USART1.VirtualMode=VM_ASYNC
ProjectManager.CompilerOptimize=6
PA11.Signal=CAN_RX
SH.S_TIM2_CH1_ETR.0=TIM2_CH1,PWM Generation1 CH1
PB2.GPIO_Label=CAN_ID_4
ProjectManager.HeapSize=0x200
Mcu.Pin15=PB5
NVIC.HardFault_IRQn=true\:0\:0\:false\:false\:true\:false\:false
Mcu.Pin16=PB6
Mcu.Pin13=PB3
Mcu.Pin14=PB4
Mcu.Pin19=VP_SYS_VS_ND
ProjectManager.ComputerToolchain=false
Mcu.Pin17=PB7
Mcu.Pin18=VP_RTC_VS_RTC_Activate
VP_TIM4_VS_ClockSourceINT.Mode=Internal
NVIC.PriorityGroup=NVIC_PRIORITYGROUP_4
Mcu.Pin11=PA12
Mcu.Pin12=PA13
Mcu.Pin10=PA11
PB7.Locked=true
RCC.APB1Freq_Value=8000000
PB0.Signal=GPIO_Input
PD0-OSC_IN.Locked=true
ProjectManager.DeviceId=STM32F103C8Tx
ProjectManager.LibraryCopy=0
PB0.GPIO_PuPd=GPIO_PULLDOWN
PB1.GPIOParameters=GPIO_PuPd,GPIO_Label
